
Microsoft Visual Studio Solution File, Format Version 12.00
# Visual Studio Version 17
VisualStudioVersion = 17.4.33213.308
MinimumVisualStudioVersion = 10.0.40219.1
Project("{FAE04EC0-301F-11D3-BF4B-00C04F79EFBC}") = "projekt", "projekt\projekt.csproj", "{48EBF02E-7B81-42AC-ACAB-311856C5FABF}"
EndProject
Global
	GlobalSection(SolutionConfigurationPlatforms) = preSolution
		Debug|Any CPU = Debug|Any CPU
		Release|Any CPU = Release|Any CPU
	EndGlobalSection
	GlobalSection(ProjectConfigurationPlatforms) = postSolution
		{48EBF02E-7B81-42AC-ACAB-311856C5FABF}.Debug|Any CPU.ActiveCfg = Debug|Any CPU
		{48EBF02E-7B81-42AC-ACAB-311856C5FABF}.Debug|Any CPU.Build.0 = Debug|Any CPU
		{48EBF02E-7B81-42AC-ACAB-311856C5FABF}.Release|Any CPU.ActiveCfg = Release|Any CPU
		{48EBF02E-7B81-42AC-ACAB-311856C5FABF}.Release|Any CPU.Build.0 = Release|Any CPU
	EndGlobalSection
	GlobalSection(SolutionProperties) = preSolution
		HideSolutionNode = FALSE
	EndGlobalSection
	GlobalSection(ExtensibilityGlobals) = postSolution
		SolutionGuid = {4928E74E-8D82-44FA-A64B-FA08FFF9D74D}
	EndGlobalSection
EndGlobal
